
Microsoft Visual Studio Solution File, Format Version 12.00
# Visual Studio 15
VisualStudioVersion = 15.0.27703.2026
MinimumVisualStudioVersion = 10.0.40219.1
Project("{FAE04EC0-301F-11D3-BF4B-00C04F79EFBC}") = "ConnectDemo", "ConnectDemo\ConnectDemo.csproj", "{CFA7BB73-E75D-46D5-A324-12A91CA5AD82}"
EndProject
Global
	GlobalSection(SolutionConfigurationPlatforms) = preSolution
		Debug|Any CPU = Debug|Any CPU
		Release|Any CPU = Release|Any CPU
	EndGlobalSection
	GlobalSection(ProjectConfigurationPlatforms) = postSolution
		{CFA7BB73-E75D-46D5-A324-12A91CA5AD82}.Debug|Any CPU.ActiveCfg = Debug|Any CPU
		{CFA7BB73-E75D-46D5-A324-12A91CA5AD82}.Debug|Any CPU.Build.0 = Debug|Any CPU
		{CFA7BB73-E75D-46D5-A324-12A91CA5AD82}.Release|Any CPU.ActiveCfg = Release|Any CPU
		{CFA7BB73-E75D-46D5-A324-12A91CA5AD82}.Release|Any CPU.Build.0 = Release|Any CPU
	EndGlobalSection
	GlobalSection(SolutionProperties) = preSolution
		HideSolutionNode = FALSE
	EndGlobalSection
	GlobalSection(ExtensibilityGlobals) = postSolution
		SolutionGuid = {9C7D2D7A-28B3-43E0-AB8A-615A1EA99FF9}
	EndGlobalSection
EndGlobal
